{
  "nodes": {
    "disko": {
      "inputs": {
        "nixpkgs": [
          "reusables",
          "nixpkgs"
        ]
      },
      "locked": {
        "lastModified": 1789770686,
        "narHash": "sha256-uZkBR7yHdIKUFB5SZdfgh1qkGfI3XmYmI/lTiquxbck=",
        "owner": "nix-community",
        "repo": "disko",
        "rev": "725ea35e410ad83be4931d1bff7e090eacaf3563",
        "type": "github"
      },
      "original": {
        "owner": "nix-community",
        "repo": "disko",
        "type": "github"
      }
    },
    "nixpkgs": {
      "locked": {
        "lastModified": 1790635395,
        "narHash": "sha256-bNyvoIyOCu7lzoCpWKWGIsHpTtERUWzqYWFPlN++WTw=",
        "owner": "NixOS",
        "repo": "nixpkgs",
        "rev": "7fc6f2c20af09cdcaf48b92ec3121860139ec668",
        "type": "github"
      },
      "original": {
        "owner": "NixOS",
        "ref": "nixos-26.05",
        "repo": "nixpkgs",
        "type": "github"
      }
    },
    "reusables": {
      "inputs": {
        "disko": "disko",
        "nixpkgs": [
          "nixpkgs"
        ]
      },
      "locked": {
        "lastModified": 1791450488,
        "narHash": "sha256-OjW7mS9CfjxWdH7AuKJAvG8n4GACr48a8cDC8hYtDBk=",
        "owner": "angel-penchev",
        "repo": "infrastructure-reusables",
        "rev": "a6e3f915e6490b406775452cb5f0467e8abc0a0b",
        "type": "github"
      },
      "original": {
        "owner": "angel-penchev",
        "ref": "v0.5.0",
        "repo": "infrastructure-reusables",
        "type": "github"
      }
    },
    "root": {
      "inputs": {
        "nixpkgs": "nixpkgs",
        "reusables": "reusables"
      }
    }
  },
  "root": "root",
  "version": 7
}
